
Microsoft Visual Studio Solution File, Format Version 12.00
# Visual Studio Version 16
VisualStudioVersion = 16.0.30011.22
MinimumVisualStudioVersion = 10.0.40219.1
Project("{F184B08F-C81C-45F6-A57F-5ABD9991F28F}") = "ExcelComboBoxGenerator", "ExcelComboBoxGenerator\ExcelComboBoxGenerator.vbproj", "{1BD714E8-D134-4624-99B5-D156DE83ED18}"
EndProject
Global
	GlobalSection(SolutionConfigurationPlatforms) = preSolution
		Debug|Any CPU = Debug|Any CPU
		Release|Any CPU = Release|Any CPU
	EndGlobalSection
	GlobalSection(ProjectConfigurationPlatforms) = postSolution
		{1BD714E8-D134-4624-99B5-D156DE83ED18}.Debug|Any CPU.ActiveCfg = Debug|Any CPU
		{1BD714E8-D134-4624-99B5-D156DE83ED18}.Debug|Any CPU.Build.0 = Debug|Any CPU
		{1BD714E8-D134-4624-99B5-D156DE83ED18}.Release|Any CPU.ActiveCfg = Release|Any CPU
		{1BD714E8-D134-4624-99B5-D156DE83ED18}.Release|Any CPU.Build.0 = Release|Any CPU
	EndGlobalSection
	GlobalSection(SolutionProperties) = preSolution
		HideSolutionNode = FALSE
	EndGlobalSection
	GlobalSection(ExtensibilityGlobals) = postSolution
		SolutionGuid = {B290F22D-23E9-458A-BB9E-4F70BE277CE6}
	EndGlobalSection
EndGlobal
